
Microsoft Visual Studio Solution File, Format Version 12.00
# Visual Studio Version 16
VisualStudioVersion = 25.0.1704.0
MinimumVisualStudioVersion = 10.0.40219.1
Project("{FAE04EC0-301F-11D3-BF4B-00C04F79EFBC}") = "Tic-Tac", "Tic-Tac.csproj", "{A4A66B98-C626-474F-8097-7D4DE26D8071}"
EndProject
Global
	GlobalSection(SolutionConfigurationPlatforms) = preSolution
		Debug|Any CPU = Debug|Any CPU
		Release|Any CPU = Release|Any CPU
	EndGlobalSection
	GlobalSection(ProjectConfigurationPlatforms) = postSolution
		{A4A66B98-C626-474F-8097-7D4DE26D8071}.Debug|Any CPU.ActiveCfg = Debug|Any CPU
		{A4A66B98-C626-474F-8097-7D4DE26D8071}.Debug|Any CPU.Build.0 = Debug|Any CPU
		{A4A66B98-C626-474F-8097-7D4DE26D8071}.Release|Any CPU.ActiveCfg = Release|Any CPU
		{A4A66B98-C626-474F-8097-7D4DE26D8071}.Release|Any CPU.Build.0 = Release|Any CPU
	EndGlobalSection
	GlobalSection(SolutionProperties) = preSolution
		HideSolutionNode = FALSE
	EndGlobalSection
	GlobalSection(ExtensibilityGlobals) = postSolution
		SolutionGuid = {03A206E3-8D14-4000-A818-A79AE23B7B97}
	EndGlobalSection
EndGlobal
